// !$*UTF8*$!
{
	archiveVersion = 1;
	classes = {
	};
	objectVersion = 48;
	objects = {

/* Begin PBXBuildFile section */
		DB8040AD20F9AB1F003B5A7E /* AppDelegate.swift in Sources */ = {isa = PBXBuildFile; fileRef = DB8040AC20F9AB1F003B5A7E /* AppDelegate.swift */; };
		DB8040B220F9AB1F003B5A7E /* Main.storyboard in Resources */ = {isa = PBXBuildFile; fileRef = DB8040B020F9AB1F003B5A7E /* Main.storyboard */; };
		DB8040B520F9AB1F003B5A7E /* CollectionView2.xcdatamodeld in Sources */ = {isa = PBXBuildFile; fileRef = DB8040B320F9AB1F003B5A7E /* CollectionView2.xcdatamodeld */; };
		DB8040B720F9AB1F003B5A7E /* Assets.xcassets in Resources */ = {isa = PBXBuildFile; fileRef = DB8040B620F9AB1F003B5A7E /* Assets.xcassets */; };
		DB8040BA20F9AB1F003B5A7E /* LaunchScreen.storyboard in Resources */ = {isa = PBXBuildFile; fileRef = DB8040B820F9AB1F003B5A7E /* LaunchScreen.storyboard */; };
		DB8040C220F9AB57003B5A7E /* CollectionViewController.swift in Sources */ = {isa = PBXBuildFile; fileRef = DB8040C120F9AB57003B5A7E /* CollectionViewController.swift */; };
		DB8040C420F9AB61003B5A7E /* CollectionViewCell.swift in Sources */ = {isa = PBXBuildFile; fileRef = DB8040C320F9AB61003B5A7E /* CollectionViewCell.swift */; };
/* End PBXBuildFile section */

/* Begin PBXFileReference section */
		DB8040A920F9AB1E003B5A7E /* CollectionView2.app */ = {isa = PBXFileReference; explicitFileType = wrapper.application; includeInIndex = 0; path = CollectionView2.app; sourceTree = BUILT_PRODUCTS_DIR; };
		DB8040AC20F9AB1F003B5A7E /* AppDelegate.swift */ = {isa = PBXFileReference; lastKnownFileType = sourcecode.swift; path = AppDelegate.swift; sourceTree = "<group>"; };
		DB8040B120F9AB1F003B5A7E /* Base */ = {isa = PBXFileReference; lastKnownFileType = file.storyboard; name = Base; path = Base.lproj/Main.storyboard; sourceTree = "<group>"; };
		DB8040B420F9AB1F003B5A7E /* CollectionView2.xcdatamodel */ = {isa = PBXFileReference; lastKnownFileType = wrapper.xcdatamodel; path = CollectionView2.xcdatamodel; sourceTree = "<group>"; };
		DB8040B620F9AB1F003B5A7E /* Assets.xcassets */ = {isa = PBXFileReference; lastKnownFileType = folder.assetcatalog; path = Assets.xcassets; sourceTree = "<group>"; };
		DB8040B920F9AB1F003B5A7E /* Base */ = {isa = PBXFileReference; lastKnownFileType = file.storyboard; name = Base; path = Base.lproj/LaunchScreen.storyboard; sourceTree = "<group>"; };
		DB8040BB20F9AB1F003B5A7E /* Info.plist */ = {isa = PBXFileReference; lastKnownFileType = text.plist.xml; path = Info.plist; sourceTree = "<group>"; };
		DB8040C120F9AB57003B5A7E /* CollectionViewController.swift */ = {isa = PBXFileReference; lastKnownFileType = sourcecode.swift; path = CollectionViewController.swift; sourceTree = "<group>"; };
		DB8040C320F9AB61003B5A7E /* CollectionViewCell.swift */ = {isa = PBXFileReference; lastKnownFileType = sourcecode.swift; path = CollectionViewCell.swift; sourceTree = "<group>"; };
/* End PBXFileReference section */

/* Begin PBXFrameworksBuildPhase section */
		DB8040A620F9AB1E003B5A7E /* Frameworks */ = {
			isa = PBXFrameworksBuildPhase;
			buildActionMask = 2147483647;
			files = (
			);
			runOnlyForDeploymentPostprocessing = 0;
		};
/* End PBXFrameworksBuildPhase section */

/* Begin PBXGroup section */
		DB8040A020F9AB1E003B5A7E = {
			isa = PBXGroup;
			children = (
				DB8040AB20F9AB1E003B5A7E /* CollectionView2 */,
				DB8040AA20F9AB1E003B5A7E /* Products */,
			);
			sourceTree = "<group>";
		};
		DB8040AA20F9AB1E003B5A7E /* Products */ = {
			isa = PBXGroup;
			children = (
				DB8040A920F9AB1E003B5A7E /* CollectionView2.app */,
			);
			name = Products;
			sourceTree = "<group>";
		};
		DB8040AB20F9AB1E003B5A7E /* CollectionView2 */ = {
			isa = PBXGroup;
			children = (
				DB8040AC20F9AB1F003B5A7E /* AppDelegate.swift */,
				DB8040C120F9AB57003B5A7E /* CollectionViewController.swift */,
				DB8040C320F9AB61003B5A7E /* CollectionViewCell.swift */,
				DB8040B020F9AB1F003B5A7E /* Main.storyboard */,
				DB8040B620F9AB1F003B5A7E /* Assets.xcassets */,
				DB8040B820F9AB1F003B5A7E /* LaunchScreen.storyboard */,
				DB8040BB20F9AB1F003B5A7E /* Info.plist */,
				DB8040B320F9AB1F003B5A7E /* CollectionView2.xcdatamodeld */,
			);
			path = CollectionView2;
			sourceTree = "<group>";
		};
/* End PBXGroup section */

/* Begin PBXNativeTarget section */
		DB8040A820F9AB1E003B5A7E /* CollectionView2 */ = {
			isa = PBXNativeTarget;
			buildConfigurationList = DB8040BE20F9AB1F003B5A7E /* Build configuration list for PBXNativeTarget "CollectionView2" */;
			buildPhases = (
				DB8040A520F9AB1E003B5A7E /* Sources */,
				DB8040A620F9AB1E003B5A7E /* Frameworks */,
				DB8040A720F9AB1E003B5A7E /* Resources */,
			);
			buildRules = (
			);
			dependencies = (
			);
			name = CollectionView2;
			productName = CollectionView2;
			productReference = DB8040A920F9AB1E003B5A7E /* CollectionView2.app */;
			productType = "com.apple.product-type.application";
		};
/* End PBXNativeTarget section */

/* Begin PBXProject section */
		DB8040A120F9AB1E003B5A7E /* Project object */ = {
			isa = PBXProject;
			attributes = {
				LastSwiftUpdateCheck = 0920;
				LastUpgradeCheck = 0920;
				ORGANIZATIONNAME = "Đừng xóa";
				TargetAttributes = {
					DB8040A820F9AB1E003B5A7E = {
						CreatedOnToolsVersion = 9.2;
						ProvisioningStyle = Automatic;
					};
				};
			};
			buildConfigurationList = DB8040A420F9AB1E003B5A7E /* Build configuration list for PBXProject "CollectionView2" */;
			compatibilityVersion = "Xcode 8.0";
			developmentRegion = en;
			hasScannedForEncodings = 0;
			knownRegions = (
				en,
				Base,
			);
			mainGroup = DB8040A020F9AB1E003B5A7E;
			productRefGroup = DB8040AA20F9AB1E003B5A7E /* Products */;
			projectDirPath = "";
			projectRoot = "";
			targets = (
				DB8040A820F9AB1E003B5A7E /* CollectionView2 */,
			);
		};
/* End PBXProject section */

/* Begin PBXResourcesBuildPhase section */
		DB8040A720F9AB1E003B5A7E /* Resources */ = {
			isa = PBXResourcesBuildPhase;
			buildActionMask = 2147483647;
			files = (
				DB8040BA20F9AB1F003B5A7E /* LaunchScreen.storyboard in Resources */,
				DB8040B720F9AB1F003B5A7E /* Assets.xcassets in Resources */,
				DB8040B220F9AB1F003B5A7E /* Main.storyboard in Resources */,
			);
			runOnlyForDeploymentPostprocessing = 0;
		};
/* End PBXResourcesBuildPhase section */

/* Begin PBXSourcesBuildPhase section */
		DB8040A520F9AB1E003B5A7E /* Sources */ = {
			isa = PBXSourcesBuildPhase;
			buildActionMask = 2147483647;
			files = (
				DB8040C220F9AB57003B5A7E /* CollectionViewController.swift in Sources */,
				DB8040AD20F9AB1F003B5A7E /* AppDelegate.swift in Sources */,
				DB8040C420F9AB61003B5A7E /* CollectionViewCell.swift in Sources */,
				DB8040B520F9AB1F003B5A7E /* CollectionView2.xcdatamodeld in Sources */,
			);
			runOnlyForDeploymentPostprocessing = 0;
		};
/* End PBXSourcesBuildPhase section */

/* Begin PBXVariantGroup section */
		DB8040B020F9AB1F003B5A7E /* Main.storyboard */ = {
			isa = PBXVariantGroup;
			children = (
				DB8040B120F9AB1F003B5A7E /* Base */,
			);
			name = Main.storyboard;
			sourceTree = "<group>";
		};
		DB8040B820F9AB1F003B5A7E /* LaunchScreen.storyboard */ = {
			isa = PBXVariantGroup;
			children = (
				DB8040B920F9AB1F003B5A7E /* Base */,
			);
			name = LaunchScreen.storyboard;
			sourceTree = "<group>";
		};
/* End PBXVariantGroup section */

/* Begin XCBuildConfiguration section */
		DB8040BC20F9AB1F003B5A7E /* Debug */ = {
			isa = XCBuildConfiguration;
			buildSettings = {
				ALWAYS_SEARCH_USER_PATHS = NO;
				CLANG_ANALYZER_NONNULL = YES;
				CLANG_ANALYZER_NUMBER_OBJECT_CONVERSION = YES_AGGRESSIVE;
				CLANG_CXX_LANGUAGE_STANDARD = "gnu++14";
				CLANG_CXX_LIBRARY = "libc++";
				CLANG_ENABLE_MODULES = YES;
				CLANG_ENABLE_OBJC_ARC = YES;
				CLANG_WARN_BLOCK_CAPTURE_AUTORELEASING = YES;
				CLANG_WARN_BOOL_CONVERSION = YES;
				CLANG_WARN_COMMA = YES;
				CLANG_WARN_CONSTANT_CONVERSION = YES;
				CLANG_WARN_DIRECT_OBJC_ISA_USAGE = YES_ERROR;
				CLANG_WARN_DOCUMENTATION_COMMENTS = YES;
				CLANG_WARN_EMPTY_BODY = YES;
				CLANG_WARN_ENUM_CONVERSION = YES;
				CLANG_WARN_INFINITE_RECURSION = YES;
				CLANG_WARN_INT_CONVERSION = YES;
				CLANG_WARN_NON_LITERAL_NULL_CONVERSION = YES;
				CLANG_WARN_OBJC_LITERAL_CONVERSION = YES;
				CLANG_WARN_OBJC_ROOT_CLASS = YES_ERROR;
				CLANG_WARN_RANGE_LOOP_ANALYSIS = YES;
				CLANG_WARN_STRICT_PROTOTYPES = YES;
				CLANG_WARN_SUSPICIOUS_MOVE = YES;
				CLANG_WARN_UNGUARDED_AVAILABILITY = YES_AGGRESSIVE;
				CLANG_WARN_UNREACHABLE_CODE = YES;
				CLANG_WARN__DUPLICATE_METHOD_MATCH = YES;
				CODE_SIGN_IDENTITY = "iPhone Developer";
				COPY_PHASE_STRIP = NO;
				DEBUG_INFORMATION_FORMAT = dwarf;
				ENABLE_STRICT_OBJC_MSGSEND = YES;
				ENABLE_TESTABILITY = YES;
				GCC_C_LANGUAGE_STANDARD = gnu11;
				GCC_DYNAMIC_NO_PIC = NO;
				GCC_NO_COMMON_BLOCKS = YES;
				GCC_OPTIMIZATION_LEVEL = 0;
				GCC_PREPROCESSOR_DEFINITIONS = (
					"DEBUG=1",
					"$(inherited)",
				);
				GCC_WARN_64_TO_32_BIT_CONVERSION = YES;
				GCC_WARN_ABOUT_RETURN_TYPE = YES_ERROR;
				GCC_WARN_UNDECLARED_SELECTOR = YES;
				GCC_WARN_UNINITIALIZED_AUTOS = YES_AGGRESSIVE;
				GCC_WARN_UNUSED_FUNCTION = YES;
				GCC_WARN_UNUSED_VARIABLE = YES;
				IPHONEOS_DEPLOYMENT_TARGET = 11.2;
				MTL_ENABLE_DEBUG_INFO = YES;
				ONLY_ACTIVE_ARCH = YES;
				SDKROOT = iphoneos;
				SWIFT_ACTIVE_COMPILATION_CONDITIONS = DEBUG;
				SWIFT_OPTIMIZATION_LEVEL = "-Onone";
			};
			name = Debug;
		};
		DB8040BD20F9AB1F003B5A7E /* Release */ = {
			isa = XCBuildConfiguration;
			buildSettings = {
				ALWAYS_SEARCH_USER_PATHS = NO;
				CLANG_ANALYZER_NONNULL = YES;
				CLANG_ANALYZER_NUMBER_OBJECT_CONVERSION = YES_AGGRESSIVE;
				CLANG_CXX_LANGUAGE_STANDARD = "gnu++14";
				CLANG_CXX_LIBRARY = "libc++";
				CLANG_ENABLE_MODULES = YES;
				CLANG_ENABLE_OBJC_ARC = YES;
				CLANG_WARN_BLOCK_CAPTURE_AUTORELEASING = YES;
				CLANG_WARN_BOOL_CONVERSION = YES;
				CLANG_WARN_COMMA = YES;
				CLANG_WARN_CONSTANT_CONVERSION = YES;
				CLANG_WARN_DIRECT_OBJC_ISA_USAGE = YES_ERROR;
				CLANG_WARN_DOCUMENTATION_COMMENTS = YES;
				CLANG_WARN_EMPTY_BODY = YES;
				CLANG_WARN_ENUM_CONVERSION = YES;
				CLANG_WARN_INFINITE_RECURSION = YES;
				CLANG_WARN_INT_CONVERSION = YES;
				CLANG_WARN_NON_LITERAL_NULL_CONVERSION = YES;
				CLANG_WARN_OBJC_LITERAL_CONVERSION = YES;
				CLANG_WARN_OBJC_ROOT_CLASS = YES_ERROR;
				CLANG_WARN_RANGE_LOOP_ANALYSIS = YES;
				CLANG_WARN_STRICT_PROTOTYPES = YES;
				CLANG_WARN_SUSPICIOUS_MOVE = YES;
				CLANG_WARN_UNGUARDED_AVAILABILITY = YES_AGGRESSIVE;
				CLANG_WARN_UNREACHABLE_CODE = YES;
				CLANG_WARN__DUPLICATE_METHOD_MATCH = YES;
				CODE_SIGN_IDENTITY = "iPhone Developer";
				COPY_PHASE_STRIP = NO;
				DEBUG_INFORMATION_FORMAT = "dwarf-with-dsym";
				ENABLE_NS_ASSERTIONS = NO;
				ENABLE_STRICT_OBJC_MSGSEND = YES;
				GCC_C_LANGUAGE_STANDARD = gnu11;
				GCC_NO_COMMON_BLOCKS = YES;
				GCC_WARN_64_TO_32_BIT_CONVERSION = YES;
				GCC_WARN_ABOUT_RETURN_TYPE = YES_ERROR;
				GCC_WARN_UNDECLARED_SELECTOR = YES;
				GCC_WARN_UNINITIALIZED_AUTOS = YES_AGGRESSIVE;
				GCC_WARN_UNUSED_FUNCTION = YES;
				GCC_WARN_UNUSED_VARIABLE = YES;
				IPHONEOS_DEPLOYMENT_TARGET = 11.2;
				MTL_ENABLE_DEBUG_INFO = NO;
				SDKROOT = iphoneos;
				SWIFT_OPTIMIZATION_LEVEL = "-Owholemodule";
				VALIDATE_PRODUCT = YES;
			};
			name = Release;
		};
		DB8040BF20F9AB1F003B5A7E /* Debug */ = {
			isa = XCBuildConfiguration;
			buildSettings = {
				ASSETCATALOG_COMPILER_APPICON_NAME = AppIcon;
				CODE_SIGN_STYLE = Automatic;
				INFOPLIST_FILE = CollectionView2/Info.plist;
				LD_RUNPATH_SEARCH_PATHS = "$(inherited) @executable_path/Frameworks";
				PRODUCT_BUNDLE_IDENTIFIER = Hhuyy.CollectionView2;
				PRODUCT_NAME = "$(TARGET_NAME)";
				SWIFT_VERSION = 4.0;
				TARGETED_DEVICE_FAMILY = "1,2";
			};
			name = Debug;
		};
		DB8040C020F9AB1F003B5A7E /* Release */ = {
			isa = XCBuildConfiguration;
			buildSettings = {
				ASSETCATALOG_COMPILER_APPICON_NAME = AppIcon;
				CODE_SIGN_STYLE = Automatic;
				INFOPLIST_FILE = CollectionView2/Info.plist;
				LD_RUNPATH_SEARCH_PATHS = "$(inherited) @executable_path/Frameworks";
				PRODUCT_BUNDLE_IDENTIFIER = Hhuyy.CollectionView2;
				PRODUCT_NAME = "$(TARGET_NAME)";
				SWIFT_VERSION = 4.0;
				TARGETED_DEVICE_FAMILY = "1,2";
			};
			name = Release;
		};
/* End XCBuildConfiguration section */

/* Begin XCConfigurationList section */
		DB8040A420F9AB1E003B5A7E /* Build configuration list for PBXProject "CollectionView2" */ = {
			isa = XCConfigurationList;
			buildConfigurations = (
				DB8040BC20F9AB1F003B5A7E /* Debug */,
				DB8040BD20F9AB1F003B5A7E /* Release */,
			);
			defaultConfigurationIsVisible = 0;
			defaultConfigurationName = Release;
		};
		DB8040BE20F9AB1F003B5A7E /* Build configuration list for PBXNativeTarget "CollectionView2" */ = {
			isa = XCConfigurationList;
			buildConfigurations = (
				DB8040BF20F9AB1F003B5A7E /* Debug */,
				DB8040C020F9AB1F003B5A7E /* Release */,
			);
			defaultConfigurationIsVisible = 0;
			defaultConfigurationName = Release;
		};
/* End XCConfigurationList section */

/* Begin XCVersionGroup section */
		DB8040B320F9AB1F003B5A7E /* CollectionView2.xcdatamodeld */ = {
			isa = XCVersionGroup;
			children = (
				DB8040B420F9AB1F003B5A7E /* CollectionView2.xcdatamodel */,
			);
			currentVersion = DB8040B420F9AB1F003B5A7E /* CollectionView2.xcdatamodel */;
			path = CollectionView2.xcdatamodeld;
			sourceTree = "<group>";
			versionGroupType = wrapper.xcdatamodel;
		};
/* End XCVersionGroup section */
	};
	rootObject = DB8040A120F9AB1E003B5A7E /* Project object */;
}
